<?xml version="1.0" encoding="utf-8"?>
<Project ToolsVersion="4.0" xmlns="http://schemas.microsoft.com/developer/msbuild/2003">
  <ItemGroup>
    <Filter Include="Source Files">
      <UniqueIdentifier>{4FC737F1-C7A5-4376-A066-2A32D752A2FF}</UniqueIdentifier>
      <Extensions>cpp;c;cc;cxx;c++;def;odl;idl;hpj;bat;asm;asmx</Extensions>
    </Filter>
    <Filter Include="Header Files">
      <UniqueIdentifier>{93995380-89BD-4b04-88EB-625FBE52EBFB}</UniqueIdentifier>
      <Extensions>h;hh;hpp;hxx;h++;hm;inl;inc;ipp;xsd</Extensions>
    </Filter>
    <Filter Include="Resource Files">
      <UniqueIdentifier>{67DA6AB6-F800-4c08-8B7A-83BB121AAD01}</UniqueIdentifier>
      <Extensions>rc;ico;cur;bmp;dlg;rc2;rct;bin;rgs;gif;jpg;jpeg;jpe;resx;tiff;tif;png;wav;mfcribbon-ms</Extensions>
    </Filter>
    <Filter Include="Header Files\fmt">
      <UniqueIdentifier>{34e002a1-c9a0-43ae-953e-11293de5c4be}</UniqueIdentifier>
    </Filter>
    <Filter Include="Source Files\HTTP">
      <UniqueIdentifier>{15006641-4f23-4052-a2fa-99fca87c1de0}</UniqueIdentifier>
    </Filter>
    <Filter Include="Header Files\HTTP">
      <UniqueIdentifier>{cc8353d6-0d16-437f-84dc-af2992126bbc}</UniqueIdentifier>
    </Filter>
  </ItemGroup>
  <ItemGroup>
    <ClCompile Include="src\Main.cpp">
      <Filter>Source Files</Filter>
    </ClCompile>
    <ClCompile Include="src\Logger.cpp">
      <Filter>Source Files</Filter>
    </ClCompile>
    <ClCompile Include="src\HTTP\Client.cpp">
      <Filter>Source Files\HTTP</Filter>
    </ClCompile>
    <ClCompile Include="src\Errors.cpp">
      <Filter>Source Files</Filter>
    </ClCompile>
    <ClCompile Include="src\HTTP\Response.cpp">
      <Filter>Source Files\HTTP</Filter>
    </ClCompile>
    <ClCompile Include="src\App.cpp">
      <Filter>Source Files</Filter>
    </ClCompile>
  </ItemGroup>
  <ItemGroup>
    <ClInclude Include="include\fmt\chrono.h">
      <Filter>Header Files\fmt</Filter>
    </ClInclude>
    <ClInclude Include="include\fmt\color.h">
      <Filter>Header Files\fmt</Filter>
    </ClInclude>
    <ClInclude Include="include\fmt\compile.h">
      <Filter>Header Files\fmt</Filter>
    </ClInclude>
    <ClInclude Include="include\fmt\core.h">
      <Filter>Header Files\fmt</Filter>
    </ClInclude>
    <ClInclude Include="include\fmt\format.h">
      <Filter>Header Files\fmt</Filter>
    </ClInclude>
    <ClInclude Include="include\fmt\format-inl.h">
      <Filter>Header Files\fmt</Filter>
    </ClInclude>
    <ClInclude Include="include\fmt\locale.h">
      <Filter>Header Files\fmt</Filter>
    </ClInclude>
    <ClInclude Include="include\fmt\os.h">
      <Filter>Header Files\fmt</Filter>
    </ClInclude>
    <ClInclude Include="include\fmt\ostream.h">
      <Filter>Header Files\fmt</Filter>
    </ClInclude>
    <ClInclude Include="include\fmt\posix.h">
      <Filter>Header Files\fmt</Filter>
    </ClInclude>
    <ClInclude Include="include\fmt\printf.h">
      <Filter>Header Files\fmt</Filter>
    </ClInclude>
    <ClInclude Include="include\fmt\ranges.h">
      <Filter>Header Files\fmt</Filter>
    </ClInclude>
    <ClInclude Include="include\Logger.h">
      <Filter>Header Files</Filter>
    </ClInclude>
    <ClInclude Include="include\HTTP\Client.h">
      <Filter>Header Files\HTTP</Filter>
    </ClInclude>
    <ClInclude Include="include\Errors.h">
      <Filter>Header Files</Filter>
    </ClInclude>
    <ClInclude Include="include\HTTP\System.h">
      <Filter>Header Files\HTTP</Filter>
    </ClInclude>
    <ClInclude Include="include\HTTP\Response.h">
      <Filter>Header Files\HTTP</Filter>
    </ClInclude>
    <ClInclude Include="include\App.h">
      <Filter>Header Files</Filter>
    </ClInclude>
    <ClInclude Include="include\HTTP\Map.h">
      <Filter>Header Files\HTTP</Filter>
    </ClInclude>
  </ItemGroup>
</Project>